
Microsoft Visual Studio Solution File, Format Version 12.00
# Visual Studio Version 16
VisualStudioVersion = 16.0.30907.101
MinimumVisualStudioVersion = 10.0.40219.1
Project("{9A19103F-16F7-4668-BE54-9A1E7A4F7556}") = "MeshiahBot", "MeshiahBot\MeshiahBot.csproj", "{94E72FF0-CAA2-4808-8D86-9791CC3BEEAD}"
EndProject
Project("{2150E333-8FDC-42A3-9474-1A3956D46DE8}") = "Solution Items", "Solution Items", "{81836C98-5CD5-4876-91F5-F0D53E01D3C0}"
	ProjectSection(SolutionItems) = preProject
		.gitignore = .gitignore
	EndProjectSection
EndProject
Global
	GlobalSection(SolutionConfigurationPlatforms) = preSolution
		Debug|Any CPU = Debug|Any CPU
		Release|Any CPU = Release|Any CPU
	EndGlobalSection
	GlobalSection(ProjectConfigurationPlatforms) = postSolution
		{94E72FF0-CAA2-4808-8D86-9791CC3BEEAD}.Debug|Any CPU.ActiveCfg = Debug|Any CPU
		{94E72FF0-CAA2-4808-8D86-9791CC3BEEAD}.Debug|Any CPU.Build.0 = Debug|Any CPU
		{94E72FF0-CAA2-4808-8D86-9791CC3BEEAD}.Release|Any CPU.ActiveCfg = Release|Any CPU
		{94E72FF0-CAA2-4808-8D86-9791CC3BEEAD}.Release|Any CPU.Build.0 = Release|Any CPU
	EndGlobalSection
	GlobalSection(SolutionProperties) = preSolution
		HideSolutionNode = FALSE
	EndGlobalSection
	GlobalSection(ExtensibilityGlobals) = postSolution
		SolutionGuid = {205123E7-276F-4EC6-B4B3-54D3318B4F0B}
	EndGlobalSection
EndGlobal
